
Microsoft Visual Studio Solution File, Format Version 12.00
# Visual Studio Version 17
VisualStudioVersion = 17.0.31903.59
MinimumVisualStudioVersion = 10.0.40219.1
Project("{FAE04EC0-301F-11D3-BF4B-00C04F79EFBC}") = "NetStore.Bootstrapper", "src\Bootstrapper\NetStore.Bootstrapper\NetStore.Bootstrapper.csproj", "{2308EFC4-E2F1-49F2-89A2-5CCD84BB8AC3}"
EndProject
Project("{2150E333-8FDC-42A3-9474-1A3956D46DE8}") = "src", "src", "{2D2E84B8-813D-4C83-BBD4-09CF9C0071B7}"
EndProject
Project("{2150E333-8FDC-42A3-9474-1A3956D46DE8}") = "tests", "tests", "{4B781E85-7A08-4B15-90B6-D7FF8DE75E9A}"
EndProject
Project("{2150E333-8FDC-42A3-9474-1A3956D46DE8}") = "Bootstrapper", "Bootstrapper", "{23E5D7FE-AB0C-4BAB-9837-3D3E4D34AB5C}"
EndProject
Project("{2150E333-8FDC-42A3-9474-1A3956D46DE8}") = "Modules", "Modules", "{763342C3-8548-41F2-9655-0E80D2EB0E79}"
EndProject
Project("{2150E333-8FDC-42A3-9474-1A3956D46DE8}") = "Shared", "Shared", "{6E1F8EB7-4060-4D95-9FF6-9125C616278F}"
EndProject
Project("{FAE04EC0-301F-11D3-BF4B-00C04F79EFBC}") = "NetStore.Shared.Abstractions", "src\Shared\NetStore.Shared.Abstractions\NetStore.Shared.Abstractions.csproj", "{84935168-BD82-4B1E-8BD4-BEDA4DC99DDB}"
EndProject
Project("{FAE04EC0-301F-11D3-BF4B-00C04F79EFBC}") = "NetStore.Shared.Infrastructure", "src\Shared\NetStore.Shared.Infrastructure\NetStore.Shared.Infrastructure.csproj", "{4D5C14FD-78AE-45F4-A3AF-44579A0289E7}"
EndProject
Project("{2150E333-8FDC-42A3-9474-1A3956D46DE8}") = "Users", "Users", "{026A0EA6-10D4-4387-A10F-3573EE3BEA7F}"
EndProject
Project("{FAE04EC0-301F-11D3-BF4B-00C04F79EFBC}") = "NetStore.Modules.Users.Api", "src\Modules\Users\NetStore.Modules.Users.Api\NetStore.Modules.Users.Api.csproj", "{1B6B611A-B0ED-47AC-A4BB-E43F539DAA37}"
EndProject
Project("{FAE04EC0-301F-11D3-BF4B-00C04F79EFBC}") = "NetStore.Modules.Users.Core", "src\Modules\Users\NetStore.Modules.Users.Core\NetStore.Modules.Users.Core.csproj", "{4EA96031-E576-4A03-BA2E-A33D84FB54AD}"
EndProject
Project("{2150E333-8FDC-42A3-9474-1A3956D46DE8}") = "Customers", "Customers", "{4AF79E93-0CAF-4E9B-B045-691ED60F147C}"
EndProject
Project("{FAE04EC0-301F-11D3-BF4B-00C04F79EFBC}") = "NetStore.Modules.Customers.Api", "src\Modules\Customers\NetStore.Modules.Customers.Api\NetStore.Modules.Customers.Api.csproj", "{C3F37F66-6322-4727-A843-3B46021B06BA}"
EndProject
Project("{FAE04EC0-301F-11D3-BF4B-00C04F79EFBC}") = "NetStore.Modules.Customers.Core", "src\Modules\Customers\NetStore.Modules.Customers.Core\NetStore.Modules.Customers.Core.csproj", "{6772CC97-5B1F-4068-91A5-DE78D5118EF9}"
EndProject
Project("{FAE04EC0-301F-11D3-BF4B-00C04F79EFBC}") = "NetStore.Modules.Users.Shared", "src\Modules\Users\NetStore.Modules.Users.Shared\NetStore.Modules.Users.Shared.csproj", "{516FA0A9-8CC0-472F-99B6-1F04F8294508}"
EndProject
Project("{2150E333-8FDC-42A3-9474-1A3956D46DE8}") = "Catalogs", "Catalogs", "{D26AFD43-DE26-4C48-B2D6-EBE42BA00D98}"
EndProject
Project("{FAE04EC0-301F-11D3-BF4B-00C04F79EFBC}") = "NetStore.Modules.Catalogs.Api", "src\Modules\Catalogs\NetStore.Modules.Catalogs.Api\NetStore.Modules.Catalogs.Api.csproj", "{6B56D020-E269-432F-BE24-F7487AE8FF8C}"
EndProject
Project("{FAE04EC0-301F-11D3-BF4B-00C04F79EFBC}") = "NetStore.Modules.Catalogs.Application", "src\Modules\Catalogs\NetStore.Modules.Catalogs.Application\NetStore.Modules.Catalogs.Application.csproj", "{4478A0E7-9FD3-4162-BACF-65CD179F4F39}"
EndProject
Project("{FAE04EC0-301F-11D3-BF4B-00C04F79EFBC}") = "NetStore.Modules.Catalogs.Domain", "src\Modules\Catalogs\NetStore.Modules.Catalogs.Domain\NetStore.Modules.Catalogs.Domain.csproj", "{BBE8C65D-1E5F-4F02-A310-7CF86C4A07F0}"
EndProject
Project("{FAE04EC0-301F-11D3-BF4B-00C04F79EFBC}") = "NetStore.Modules.Catalogs.Infrastructure", "src\Modules\Catalogs\NetStore.Modules.Catalogs.Infrastructure\NetStore.Modules.Catalogs.Infrastructure.csproj", "{702E59FD-EEBA-487F-9BEF-565CF98DB7FA}"
EndProject
Project("{2150E333-8FDC-42A3-9474-1A3956D46DE8}") = "Orders", "Orders", "{5CDCD17F-250B-46CD-B4CF-F55A57DC6A86}"
EndProject
Project("{FAE04EC0-301F-11D3-BF4B-00C04F79EFBC}") = "NetStore.Modules.Orders.Api", "src\Modules\Orders\NetStore.Modules.Orders.Api\NetStore.Modules.Orders.Api.csproj", "{E0F08482-5EA2-4376-B2D2-6ADE173A6FB4}"
EndProject
Project("{FAE04EC0-301F-11D3-BF4B-00C04F79EFBC}") = "NetStore.Modules.Orders.Application", "src\Modules\Orders\NetStore.Modules.Orders.Application\NetStore.Modules.Orders.Application.csproj", "{BC92FED3-150E-499D-B04F-11CC7D8C0D92}"
EndProject
Project("{FAE04EC0-301F-11D3-BF4B-00C04F79EFBC}") = "NetStore.Modules.Orders.Domain", "src\Modules\Orders\NetStore.Modules.Orders.Domain\NetStore.Modules.Orders.Domain.csproj", "{08B2C788-FEF8-4666-A86E-7180A109E3A5}"
EndProject
Project("{FAE04EC0-301F-11D3-BF4B-00C04F79EFBC}") = "NetStore.Modules.Orders.Infrastructure", "src\Modules\Orders\NetStore.Modules.Orders.Infrastructure\NetStore.Modules.Orders.Infrastructure.csproj", "{84742939-7079-4F68-8A03-494A980D2F35}"
EndProject
Project("{FAE04EC0-301F-11D3-BF4B-00C04F79EFBC}") = "NetStore.Modules.Catalogs.Shared", "src\Modules\Catalogs\NetStore.Modules.Catalogs.Shared\NetStore.Modules.Catalogs.Shared.csproj", "{0164424B-A8CE-4318-AA71-E6DAECF7D635}"
EndProject
Project("{FAE04EC0-301F-11D3-BF4B-00C04F79EFBC}") = "NetStore.Modules.Orders.Shared", "src\Modules\Orders\NetStore.Modules.Orders.Shared\NetStore.Modules.Orders.Shared.csproj", "{2430DB03-486B-4194-A545-99CD3C271EDC}"
EndProject
Project("{2150E333-8FDC-42A3-9474-1A3956D46DE8}") = "_ExternalSystems", "_ExternalSystems", "{E72224E3-26BF-4A69-AC73-43D1D51BEAD1}"
EndProject
Project("{FAE04EC0-301F-11D3-BF4B-00C04F79EFBC}") = "FakePaymentGateway", "src\_ExternalSystems\FakePaymentGateway\FakePaymentGateway.csproj", "{8E30F004-D5DF-4DC1-823F-78F4C48E9149}"
EndProject
Project("{2150E333-8FDC-42A3-9474-1A3956D46DE8}") = "Payments", "Payments", "{3D2D15F5-3899-45BC-92D4-4230055F24AD}"
EndProject
Project("{FAE04EC0-301F-11D3-BF4B-00C04F79EFBC}") = "NetStore.Modules.Payments.Api", "src\Modules\Payments\NetStore.Modules.Payments.Api\NetStore.Modules.Payments.Api.csproj", "{4DBB1BAA-904A-46CB-BA19-814EB5506FD9}"
EndProject
Project("{FAE04EC0-301F-11D3-BF4B-00C04F79EFBC}") = "NetStore.Modules.Payments.Core", "src\Modules\Payments\NetStore.Modules.Payments.Core\NetStore.Modules.Payments.Core.csproj", "{0C6E3E06-22AB-4FF6-BD7A-97B4E772801A}"
EndProject
Project("{FAE04EC0-301F-11D3-BF4B-00C04F79EFBC}") = "NetStore.Modules.Payments.Shared", "src\Modules\Payments\NetStore.Modules.Payments.Shared\NetStore.Modules.Payments.Shared.csproj", "{C65D76BB-7F74-409C-9878-2331A6EF6859}"
EndProject
Project("{FAE04EC0-301F-11D3-BF4B-00C04F79EFBC}") = "NetStore.Modules.Customers.Shared", "src\Modules\Customers\NetStore.Modules.Customers.Shared\NetStore.Modules.Customers.Shared.csproj", "{4D83136F-2560-4037-A785-2AE8866599CD}"
EndProject
Project("{2150E333-8FDC-42A3-9474-1A3956D46DE8}") = "Modules", "Modules", "{404C3A70-0A7B-4CAA-8BA7-EF5DD7918B33}"
EndProject
Project("{2150E333-8FDC-42A3-9474-1A3956D46DE8}") = "Orders", "Orders", "{986ECC54-B3ED-4D44-B2B9-8320F70792B2}"
EndProject
Project("{FAE04EC0-301F-11D3-BF4B-00C04F79EFBC}") = "NetStore.Modules.Orders.Tests.Unit", "tests\Modules\Orders\NetStore.Modules.Orders.Tests.Unit\NetStore.Modules.Orders.Tests.Unit.csproj", "{2D07727E-4AF7-4BC0-9B51-0CFD285B2493}"
EndProject
Project("{FAE04EC0-301F-11D3-BF4B-00C04F79EFBC}") = "NetStore.Modules.Orders.Tests.Integration", "tests\Modules\Orders\NetStore.Modules.Orders.Tests.Integration\NetStore.Modules.Orders.Tests.Integration.csproj", "{D648D885-D9C2-448B-91A3-A50AB8253ABA}"
EndProject
Project("{2150E333-8FDC-42A3-9474-1A3956D46DE8}") = "Shared", "Shared", "{1BBEC37F-9C75-4870-AA78-14A08A25AB85}"
EndProject
Project("{FAE04EC0-301F-11D3-BF4B-00C04F79EFBC}") = "NetStore.Tests.Shared.Integration", "tests\NetStore.Tests.Shared.Integration\NetStore.Tests.Shared.Integration.csproj", "{C77AE41C-63D2-4155-8D9E-E6CB1345C2F7}"
EndProject
Project("{2150E333-8FDC-42A3-9474-1A3956D46DE8}") = "Notifications", "Notifications", "{4BE77728-0140-42D7-B937-F47E361B31E5}"
EndProject
Project("{FAE04EC0-301F-11D3-BF4B-00C04F79EFBC}") = "NetStore.Modules.Notifications.Api", "src\Modules\Notifications\NetStore.Modules.Notifications.Api\NetStore.Modules.Notifications.Api.csproj", "{565455AB-86E8-43E3-8CC8-C385A224EA87}"
EndProject
Project("{FAE04EC0-301F-11D3-BF4B-00C04F79EFBC}") = "NetStore.Modules.Notifications.Core", "src\Modules\Notifications\NetStore.Modules.Notifications.Core\NetStore.Modules.Notifications.Core.csproj", "{334181B7-1EEF-4E7D-B330-1CB24C2F8946}"
EndProject
Project("{FAE04EC0-301F-11D3-BF4B-00C04F79EFBC}") = "UrlShortener", "src\_ExternalSystems\UrlShortener\UrlShortener.csproj", "{96824D0D-E771-4403-872D-402B936BF726}"
EndProject
Global
	GlobalSection(SolutionConfigurationPlatforms) = preSolution
		Debug|Any CPU = Debug|Any CPU
		Release|Any CPU = Release|Any CPU
	EndGlobalSection
	GlobalSection(SolutionProperties) = preSolution
		HideSolutionNode = FALSE
	EndGlobalSection
	GlobalSection(ProjectConfigurationPlatforms) = postSolution
		{2308EFC4-E2F1-49F2-89A2-5CCD84BB8AC3}.Debug|Any CPU.ActiveCfg = Debug|Any CPU
		{2308EFC4-E2F1-49F2-89A2-5CCD84BB8AC3}.Debug|Any CPU.Build.0 = Debug|Any CPU
		{2308EFC4-E2F1-49F2-89A2-5CCD84BB8AC3}.Release|Any CPU.ActiveCfg = Release|Any CPU
		{2308EFC4-E2F1-49F2-89A2-5CCD84BB8AC3}.Release|Any CPU.Build.0 = Release|Any CPU
		{84935168-BD82-4B1E-8BD4-BEDA4DC99DDB}.Debug|Any CPU.ActiveCfg = Debug|Any CPU
		{84935168-BD82-4B1E-8BD4-BEDA4DC99DDB}.Debug|Any CPU.Build.0 = Debug|Any CPU
		{84935168-BD82-4B1E-8BD4-BEDA4DC99DDB}.Release|Any CPU.ActiveCfg = Release|Any CPU
		{84935168-BD82-4B1E-8BD4-BEDA4DC99DDB}.Release|Any CPU.Build.0 = Release|Any CPU
		{4D5C14FD-78AE-45F4-A3AF-44579A0289E7}.Debug|Any CPU.ActiveCfg = Debug|Any CPU
		{4D5C14FD-78AE-45F4-A3AF-44579A0289E7}.Debug|Any CPU.Build.0 = Debug|Any CPU
		{4D5C14FD-78AE-45F4-A3AF-44579A0289E7}.Release|Any CPU.ActiveCfg = Release|Any CPU
		{4D5C14FD-78AE-45F4-A3AF-44579A0289E7}.Release|Any CPU.Build.0 = Release|Any CPU
		{1B6B611A-B0ED-47AC-A4BB-E43F539DAA37}.Debug|Any CPU.ActiveCfg = Debug|Any CPU
		{1B6B611A-B0ED-47AC-A4BB-E43F539DAA37}.Debug|Any CPU.Build.0 = Debug|Any CPU
		{1B6B611A-B0ED-47AC-A4BB-E43F539DAA37}.Release|Any CPU.ActiveCfg = Release|Any CPU
		{1B6B611A-B0ED-47AC-A4BB-E43F539DAA37}.Release|Any CPU.Build.0 = Release|Any CPU
		{4EA96031-E576-4A03-BA2E-A33D84FB54AD}.Debug|Any CPU.ActiveCfg = Debug|Any CPU
		{4EA96031-E576-4A03-BA2E-A33D84FB54AD}.Debug|Any CPU.Build.0 = Debug|Any CPU
		{4EA96031-E576-4A03-BA2E-A33D84FB54AD}.Release|Any CPU.ActiveCfg = Release|Any CPU
		{4EA96031-E576-4A03-BA2E-A33D84FB54AD}.Release|Any CPU.Build.0 = Release|Any CPU
		{C3F37F66-6322-4727-A843-3B46021B06BA}.Debug|Any CPU.ActiveCfg = Debug|Any CPU
		{C3F37F66-6322-4727-A843-3B46021B06BA}.Debug|Any CPU.Build.0 = Debug|Any CPU
		{C3F37F66-6322-4727-A843-3B46021B06BA}.Release|Any CPU.ActiveCfg = Release|Any CPU
		{C3F37F66-6322-4727-A843-3B46021B06BA}.Release|Any CPU.Build.0 = Release|Any CPU
		{6772CC97-5B1F-4068-91A5-DE78D5118EF9}.Debug|Any CPU.ActiveCfg = Debug|Any CPU
		{6772CC97-5B1F-4068-91A5-DE78D5118EF9}.Debug|Any CPU.Build.0 = Debug|Any CPU
		{6772CC97-5B1F-4068-91A5-DE78D5118EF9}.Release|Any CPU.ActiveCfg = Release|Any CPU
		{6772CC97-5B1F-4068-91A5-DE78D5118EF9}.Release|Any CPU.Build.0 = Release|Any CPU
		{516FA0A9-8CC0-472F-99B6-1F04F8294508}.Debug|Any CPU.ActiveCfg = Debug|Any CPU
		{516FA0A9-8CC0-472F-99B6-1F04F8294508}.Debug|Any CPU.Build.0 = Debug|Any CPU
		{516FA0A9-8CC0-472F-99B6-1F04F8294508}.Release|Any CPU.ActiveCfg = Release|Any CPU
		{516FA0A9-8CC0-472F-99B6-1F04F8294508}.Release|Any CPU.Build.0 = Release|Any CPU
		{6B56D020-E269-432F-BE24-F7487AE8FF8C}.Debug|Any CPU.ActiveCfg = Debug|Any CPU
		{6B56D020-E269-432F-BE24-F7487AE8FF8C}.Debug|Any CPU.Build.0 = Debug|Any CPU
		{6B56D020-E269-432F-BE24-F7487AE8FF8C}.Release|Any CPU.ActiveCfg = Release|Any CPU
		{6B56D020-E269-432F-BE24-F7487AE8FF8C}.Release|Any CPU.Build.0 = Release|Any CPU
		{4478A0E7-9FD3-4162-BACF-65CD179F4F39}.Debug|Any CPU.ActiveCfg = Debug|Any CPU
		{4478A0E7-9FD3-4162-BACF-65CD179F4F39}.Debug|Any CPU.Build.0 = Debug|Any CPU
		{4478A0E7-9FD3-4162-BACF-65CD179F4F39}.Release|Any CPU.ActiveCfg = Release|Any CPU
		{4478A0E7-9FD3-4162-BACF-65CD179F4F39}.Release|Any CPU.Build.0 = Release|Any CPU
		{BBE8C65D-1E5F-4F02-A310-7CF86C4A07F0}.Debug|Any CPU.ActiveCfg = Debug|Any CPU
		{BBE8C65D-1E5F-4F02-A310-7CF86C4A07F0}.Debug|Any CPU.Build.0 = Debug|Any CPU
		{BBE8C65D-1E5F-4F02-A310-7CF86C4A07F0}.Release|Any CPU.ActiveCfg = Release|Any CPU
		{BBE8C65D-1E5F-4F02-A310-7CF86C4A07F0}.Release|Any CPU.Build.0 = Release|Any CPU
		{702E59FD-EEBA-487F-9BEF-565CF98DB7FA}.Debug|Any CPU.ActiveCfg = Debug|Any CPU
		{702E59FD-EEBA-487F-9BEF-565CF98DB7FA}.Debug|Any CPU.Build.0 = Debug|Any CPU
		{702E59FD-EEBA-487F-9BEF-565CF98DB7FA}.Release|Any CPU.ActiveCfg = Release|Any CPU
		{702E59FD-EEBA-487F-9BEF-565CF98DB7FA}.Release|Any CPU.Build.0 = Release|Any CPU
		{E0F08482-5EA2-4376-B2D2-6ADE173A6FB4}.Debug|Any CPU.ActiveCfg = Debug|Any CPU
		{E0F08482-5EA2-4376-B2D2-6ADE173A6FB4}.Debug|Any CPU.Build.0 = Debug|Any CPU
		{E0F08482-5EA2-4376-B2D2-6ADE173A6FB4}.Release|Any CPU.ActiveCfg = Release|Any CPU
		{E0F08482-5EA2-4376-B2D2-6ADE173A6FB4}.Release|Any CPU.Build.0 = Release|Any CPU
		{BC92FED3-150E-499D-B04F-11CC7D8C0D92}.Debug|Any CPU.ActiveCfg = Debug|Any CPU
		{BC92FED3-150E-499D-B04F-11CC7D8C0D92}.Debug|Any CPU.Build.0 = Debug|Any CPU
		{BC92FED3-150E-499D-B04F-11CC7D8C0D92}.Release|Any CPU.ActiveCfg = Release|Any CPU
		{BC92FED3-150E-499D-B04F-11CC7D8C0D92}.Release|Any CPU.Build.0 = Release|Any CPU
		{08B2C788-FEF8-4666-A86E-7180A109E3A5}.Debug|Any CPU.ActiveCfg = Debug|Any CPU
		{08B2C788-FEF8-4666-A86E-7180A109E3A5}.Debug|Any CPU.Build.0 = Debug|Any CPU
		{08B2C788-FEF8-4666-A86E-7180A109E3A5}.Release|Any CPU.ActiveCfg = Release|Any CPU
		{08B2C788-FEF8-4666-A86E-7180A109E3A5}.Release|Any CPU.Build.0 = Release|Any CPU
		{84742939-7079-4F68-8A03-494A980D2F35}.Debug|Any CPU.ActiveCfg = Debug|Any CPU
		{84742939-7079-4F68-8A03-494A980D2F35}.Debug|Any CPU.Build.0 = Debug|Any CPU
		{84742939-7079-4F68-8A03-494A980D2F35}.Release|Any CPU.ActiveCfg = Release|Any CPU
		{84742939-7079-4F68-8A03-494A980D2F35}.Release|Any CPU.Build.0 = Release|Any CPU
		{0164424B-A8CE-4318-AA71-E6DAECF7D635}.Debug|Any CPU.ActiveCfg = Debug|Any CPU
		{0164424B-A8CE-4318-AA71-E6DAECF7D635}.Debug|Any CPU.Build.0 = Debug|Any CPU
		{0164424B-A8CE-4318-AA71-E6DAECF7D635}.Release|Any CPU.ActiveCfg = Release|Any CPU
		{0164424B-A8CE-4318-AA71-E6DAECF7D635}.Release|Any CPU.Build.0 = Release|Any CPU
		{2430DB03-486B-4194-A545-99CD3C271EDC}.Debug|Any CPU.ActiveCfg = Debug|Any CPU
		{2430DB03-486B-4194-A545-99CD3C271EDC}.Debug|Any CPU.Build.0 = Debug|Any CPU
		{2430DB03-486B-4194-A545-99CD3C271EDC}.Release|Any CPU.ActiveCfg = Release|Any CPU
		{2430DB03-486B-4194-A545-99CD3C271EDC}.Release|Any CPU.Build.0 = Release|Any CPU
		{8E30F004-D5DF-4DC1-823F-78F4C48E9149}.Debug|Any CPU.ActiveCfg = Debug|Any CPU
		{8E30F004-D5DF-4DC1-823F-78F4C48E9149}.Debug|Any CPU.Build.0 = Debug|Any CPU
		{8E30F004-D5DF-4DC1-823F-78F4C48E9149}.Release|Any CPU.ActiveCfg = Release|Any CPU
		{8E30F004-D5DF-4DC1-823F-78F4C48E9149}.Release|Any CPU.Build.0 = Release|Any CPU
		{4DBB1BAA-904A-46CB-BA19-814EB5506FD9}.Debug|Any CPU.ActiveCfg = Debug|Any CPU
		{4DBB1BAA-904A-46CB-BA19-814EB5506FD9}.Debug|Any CPU.Build.0 = Debug|Any CPU
		{4DBB1BAA-904A-46CB-BA19-814EB5506FD9}.Release|Any CPU.ActiveCfg = Release|Any CPU
		{4DBB1BAA-904A-46CB-BA19-814EB5506FD9}.Release|Any CPU.Build.0 = Release|Any CPU
		{0C6E3E06-22AB-4FF6-BD7A-97B4E772801A}.Debug|Any CPU.ActiveCfg = Debug|Any CPU
		{0C6E3E06-22AB-4FF6-BD7A-97B4E772801A}.Debug|Any CPU.Build.0 = Debug|Any CPU
		{0C6E3E06-22AB-4FF6-BD7A-97B4E772801A}.Release|Any CPU.ActiveCfg = Release|Any CPU
		{0C6E3E06-22AB-4FF6-BD7A-97B4E772801A}.Release|Any CPU.Build.0 = Release|Any CPU
		{C65D76BB-7F74-409C-9878-2331A6EF6859}.Debug|Any CPU.ActiveCfg = Debug|Any CPU
		{C65D76BB-7F74-409C-9878-2331A6EF6859}.Debug|Any CPU.Build.0 = Debug|Any CPU
		{C65D76BB-7F74-409C-9878-2331A6EF6859}.Release|Any CPU.ActiveCfg = Release|Any CPU
		{C65D76BB-7F74-409C-9878-2331A6EF6859}.Release|Any CPU.Build.0 = Release|Any CPU
		{4D83136F-2560-4037-A785-2AE8866599CD}.Debug|Any CPU.ActiveCfg = Debug|Any CPU
		{4D83136F-2560-4037-A785-2AE8866599CD}.Debug|Any CPU.Build.0 = Debug|Any CPU
		{4D83136F-2560-4037-A785-2AE8866599CD}.Release|Any CPU.ActiveCfg = Release|Any CPU
		{4D83136F-2560-4037-A785-2AE8866599CD}.Release|Any CPU.Build.0 = Release|Any CPU
		{2D07727E-4AF7-4BC0-9B51-0CFD285B2493}.Debug|Any CPU.ActiveCfg = Debug|Any CPU
		{2D07727E-4AF7-4BC0-9B51-0CFD285B2493}.Debug|Any CPU.Build.0 = Debug|Any CPU
		{2D07727E-4AF7-4BC0-9B51-0CFD285B2493}.Release|Any CPU.ActiveCfg = Release|Any CPU
		{2D07727E-4AF7-4BC0-9B51-0CFD285B2493}.Release|Any CPU.Build.0 = Release|Any CPU
		{D648D885-D9C2-448B-91A3-A50AB8253ABA}.Debug|Any CPU.ActiveCfg = Debug|Any CPU
		{D648D885-D9C2-448B-91A3-A50AB8253ABA}.Debug|Any CPU.Build.0 = Debug|Any CPU
		{D648D885-D9C2-448B-91A3-A50AB8253ABA}.Release|Any CPU.ActiveCfg = Release|Any CPU
		{D648D885-D9C2-448B-91A3-A50AB8253ABA}.Release|Any CPU.Build.0 = Release|Any CPU
		{C77AE41C-63D2-4155-8D9E-E6CB1345C2F7}.Debug|Any CPU.ActiveCfg = Debug|Any CPU
		{C77AE41C-63D2-4155-8D9E-E6CB1345C2F7}.Debug|Any CPU.Build.0 = Debug|Any CPU
		{C77AE41C-63D2-4155-8D9E-E6CB1345C2F7}.Release|Any CPU.ActiveCfg = Release|Any CPU
		{C77AE41C-63D2-4155-8D9E-E6CB1345C2F7}.Release|Any CPU.Build.0 = Release|Any CPU
		{565455AB-86E8-43E3-8CC8-C385A224EA87}.Debug|Any CPU.ActiveCfg = Debug|Any CPU
		{565455AB-86E8-43E3-8CC8-C385A224EA87}.Debug|Any CPU.Build.0 = Debug|Any CPU
		{565455AB-86E8-43E3-8CC8-C385A224EA87}.Release|Any CPU.ActiveCfg = Release|Any CPU
		{565455AB-86E8-43E3-8CC8-C385A224EA87}.Release|Any CPU.Build.0 = Release|Any CPU
		{334181B7-1EEF-4E7D-B330-1CB24C2F8946}.Debug|Any CPU.ActiveCfg = Debug|Any CPU
		{334181B7-1EEF-4E7D-B330-1CB24C2F8946}.Debug|Any CPU.Build.0 = Debug|Any CPU
		{334181B7-1EEF-4E7D-B330-1CB24C2F8946}.Release|Any CPU.ActiveCfg = Release|Any CPU
		{334181B7-1EEF-4E7D-B330-1CB24C2F8946}.Release|Any CPU.Build.0 = Release|Any CPU
		{96824D0D-E771-4403-872D-402B936BF726}.Debug|Any CPU.ActiveCfg = Debug|Any CPU
		{96824D0D-E771-4403-872D-402B936BF726}.Debug|Any CPU.Build.0 = Debug|Any CPU
		{96824D0D-E771-4403-872D-402B936BF726}.Release|Any CPU.ActiveCfg = Release|Any CPU
		{96824D0D-E771-4403-872D-402B936BF726}.Release|Any CPU.Build.0 = Release|Any CPU
	EndGlobalSection
	GlobalSection(NestedProjects) = preSolution
		{23E5D7FE-AB0C-4BAB-9837-3D3E4D34AB5C} = {2D2E84B8-813D-4C83-BBD4-09CF9C0071B7}
		{763342C3-8548-41F2-9655-0E80D2EB0E79} = {2D2E84B8-813D-4C83-BBD4-09CF9C0071B7}
		{6E1F8EB7-4060-4D95-9FF6-9125C616278F} = {2D2E84B8-813D-4C83-BBD4-09CF9C0071B7}
		{2308EFC4-E2F1-49F2-89A2-5CCD84BB8AC3} = {23E5D7FE-AB0C-4BAB-9837-3D3E4D34AB5C}
		{84935168-BD82-4B1E-8BD4-BEDA4DC99DDB} = {6E1F8EB7-4060-4D95-9FF6-9125C616278F}
		{4D5C14FD-78AE-45F4-A3AF-44579A0289E7} = {6E1F8EB7-4060-4D95-9FF6-9125C616278F}
		{026A0EA6-10D4-4387-A10F-3573EE3BEA7F} = {763342C3-8548-41F2-9655-0E80D2EB0E79}
		{1B6B611A-B0ED-47AC-A4BB-E43F539DAA37} = {026A0EA6-10D4-4387-A10F-3573EE3BEA7F}
		{4EA96031-E576-4A03-BA2E-A33D84FB54AD} = {026A0EA6-10D4-4387-A10F-3573EE3BEA7F}
		{4AF79E93-0CAF-4E9B-B045-691ED60F147C} = {763342C3-8548-41F2-9655-0E80D2EB0E79}
		{C3F37F66-6322-4727-A843-3B46021B06BA} = {4AF79E93-0CAF-4E9B-B045-691ED60F147C}
		{6772CC97-5B1F-4068-91A5-DE78D5118EF9} = {4AF79E93-0CAF-4E9B-B045-691ED60F147C}
		{516FA0A9-8CC0-472F-99B6-1F04F8294508} = {026A0EA6-10D4-4387-A10F-3573EE3BEA7F}
		{D26AFD43-DE26-4C48-B2D6-EBE42BA00D98} = {763342C3-8548-41F2-9655-0E80D2EB0E79}
		{6B56D020-E269-432F-BE24-F7487AE8FF8C} = {D26AFD43-DE26-4C48-B2D6-EBE42BA00D98}
		{4478A0E7-9FD3-4162-BACF-65CD179F4F39} = {D26AFD43-DE26-4C48-B2D6-EBE42BA00D98}
		{BBE8C65D-1E5F-4F02-A310-7CF86C4A07F0} = {D26AFD43-DE26-4C48-B2D6-EBE42BA00D98}
		{702E59FD-EEBA-487F-9BEF-565CF98DB7FA} = {D26AFD43-DE26-4C48-B2D6-EBE42BA00D98}
		{5CDCD17F-250B-46CD-B4CF-F55A57DC6A86} = {763342C3-8548-41F2-9655-0E80D2EB0E79}
		{E0F08482-5EA2-4376-B2D2-6ADE173A6FB4} = {5CDCD17F-250B-46CD-B4CF-F55A57DC6A86}
		{BC92FED3-150E-499D-B04F-11CC7D8C0D92} = {5CDCD17F-250B-46CD-B4CF-F55A57DC6A86}
		{08B2C788-FEF8-4666-A86E-7180A109E3A5} = {5CDCD17F-250B-46CD-B4CF-F55A57DC6A86}
		{84742939-7079-4F68-8A03-494A980D2F35} = {5CDCD17F-250B-46CD-B4CF-F55A57DC6A86}
		{0164424B-A8CE-4318-AA71-E6DAECF7D635} = {D26AFD43-DE26-4C48-B2D6-EBE42BA00D98}
		{2430DB03-486B-4194-A545-99CD3C271EDC} = {5CDCD17F-250B-46CD-B4CF-F55A57DC6A86}
		{E72224E3-26BF-4A69-AC73-43D1D51BEAD1} = {2D2E84B8-813D-4C83-BBD4-09CF9C0071B7}
		{8E30F004-D5DF-4DC1-823F-78F4C48E9149} = {E72224E3-26BF-4A69-AC73-43D1D51BEAD1}
		{3D2D15F5-3899-45BC-92D4-4230055F24AD} = {763342C3-8548-41F2-9655-0E80D2EB0E79}
		{4DBB1BAA-904A-46CB-BA19-814EB5506FD9} = {3D2D15F5-3899-45BC-92D4-4230055F24AD}
		{0C6E3E06-22AB-4FF6-BD7A-97B4E772801A} = {3D2D15F5-3899-45BC-92D4-4230055F24AD}
		{C65D76BB-7F74-409C-9878-2331A6EF6859} = {3D2D15F5-3899-45BC-92D4-4230055F24AD}
		{4D83136F-2560-4037-A785-2AE8866599CD} = {4AF79E93-0CAF-4E9B-B045-691ED60F147C}
		{404C3A70-0A7B-4CAA-8BA7-EF5DD7918B33} = {4B781E85-7A08-4B15-90B6-D7FF8DE75E9A}
		{986ECC54-B3ED-4D44-B2B9-8320F70792B2} = {404C3A70-0A7B-4CAA-8BA7-EF5DD7918B33}
		{2D07727E-4AF7-4BC0-9B51-0CFD285B2493} = {986ECC54-B3ED-4D44-B2B9-8320F70792B2}
		{D648D885-D9C2-448B-91A3-A50AB8253ABA} = {986ECC54-B3ED-4D44-B2B9-8320F70792B2}
		{1BBEC37F-9C75-4870-AA78-14A08A25AB85} = {4B781E85-7A08-4B15-90B6-D7FF8DE75E9A}
		{C77AE41C-63D2-4155-8D9E-E6CB1345C2F7} = {1BBEC37F-9C75-4870-AA78-14A08A25AB85}
		{4BE77728-0140-42D7-B937-F47E361B31E5} = {763342C3-8548-41F2-9655-0E80D2EB0E79}
		{565455AB-86E8-43E3-8CC8-C385A224EA87} = {4BE77728-0140-42D7-B937-F47E361B31E5}
		{334181B7-1EEF-4E7D-B330-1CB24C2F8946} = {4BE77728-0140-42D7-B937-F47E361B31E5}
		{96824D0D-E771-4403-872D-402B936BF726} = {E72224E3-26BF-4A69-AC73-43D1D51BEAD1}
	EndGlobalSection
EndGlobal
