
Microsoft Visual Studio Solution File, Format Version 12.00
# Visual Studio Version 17
VisualStudioVersion = 17.0.31903.59
MinimumVisualStudioVersion = 10.0.40219.1
Project("{FAE04EC0-301F-11D3-BF4B-00C04F79EFBC}") = "NetStore.Bootstrapper", "src\Bootstrapper\NetStore.Bootstrapper\NetStore.Bootstrapper.csproj", "{2308EFC4-E2F1-49F2-89A2-5CCD84BB8AC3}"
EndProject
Project("{2150E333-8FDC-42A3-9474-1A3956D46DE8}") = "src", "src", "{2D2E84B8-813D-4C83-BBD4-09CF9C0071B7}"
EndProject
Project("{2150E333-8FDC-42A3-9474-1A3956D46DE8}") = "tests", "tests", "{4B781E85-7A08-4B15-90B6-D7FF8DE75E9A}"
EndProject
Project("{2150E333-8FDC-42A3-9474-1A3956D46DE8}") = "Bootstrapper", "Bootstrapper", "{23E5D7FE-AB0C-4BAB-9837-3D3E4D34AB5C}"
EndProject
Project("{2150E333-8FDC-42A3-9474-1A3956D46DE8}") = "Modules", "Modules", "{763342C3-8548-41F2-9655-0E80D2EB0E79}"
EndProject
Project("{2150E333-8FDC-42A3-9474-1A3956D46DE8}") = "Shared", "Shared", "{6E1F8EB7-4060-4D95-9FF6-9125C616278F}"
EndProject
Project("{FAE04EC0-301F-11D3-BF4B-00C04F79EFBC}") = "NetStore.Shared.Abstractions", "src\Shared\NetStore.Shared.Abstractions\NetStore.Shared.Abstractions.csproj", "{84935168-BD82-4B1E-8BD4-BEDA4DC99DDB}"
EndProject
Project("{FAE04EC0-301F-11D3-BF4B-00C04F79EFBC}") = "NetStore.Shared.Infrastructure", "src\Shared\NetStore.Shared.Infrastructure\NetStore.Shared.Infrastructure.csproj", "{4D5C14FD-78AE-45F4-A3AF-44579A0289E7}"
EndProject
Project("{2150E333-8FDC-42A3-9474-1A3956D46DE8}") = "Products", "Products", "{720CC894-92B1-40D7-A9BF-BB97786B16BF}"
EndProject
Project("{FAE04EC0-301F-11D3-BF4B-00C04F79EFBC}") = "NetStore.Modules.Products.Api", "src\Modules\Products\NetStore.Modules.Products.Api\NetStore.Modules.Products.Api.csproj", "{7E23643F-9F41-4EFF-85A3-5641BAA8E16D}"
EndProject
Project("{FAE04EC0-301F-11D3-BF4B-00C04F79EFBC}") = "NetStore.Modules.Products.Core", "src\Modules\Products\NetStore.Modules.Products.Core\NetStore.Modules.Products.Core.csproj", "{2B969CBE-772D-485E-8957-5B4FC9C1C521}"
EndProject
Project("{2150E333-8FDC-42A3-9474-1A3956D46DE8}") = "Users", "Users", "{026A0EA6-10D4-4387-A10F-3573EE3BEA7F}"
EndProject
Project("{FAE04EC0-301F-11D3-BF4B-00C04F79EFBC}") = "NetStore.Modules.Users.Api", "src\Modules\Users\NetStore.Modules.Users.Api\NetStore.Modules.Users.Api.csproj", "{1B6B611A-B0ED-47AC-A4BB-E43F539DAA37}"
EndProject
Project("{FAE04EC0-301F-11D3-BF4B-00C04F79EFBC}") = "NetStore.Modules.Users.Core", "src\Modules\Users\NetStore.Modules.Users.Core\NetStore.Modules.Users.Core.csproj", "{4EA96031-E576-4A03-BA2E-A33D84FB54AD}"
EndProject
Project("{2150E333-8FDC-42A3-9474-1A3956D46DE8}") = "Customers", "Customers", "{4AF79E93-0CAF-4E9B-B045-691ED60F147C}"
EndProject
Project("{FAE04EC0-301F-11D3-BF4B-00C04F79EFBC}") = "NetStore.Modules.Customers.Api", "src\Modules\Customers\NetStore.Modules.Customers.Api\NetStore.Modules.Customers.Api.csproj", "{C3F37F66-6322-4727-A843-3B46021B06BA}"
EndProject
Project("{FAE04EC0-301F-11D3-BF4B-00C04F79EFBC}") = "NetStore.Modules.Customers.Core", "src\Modules\Customers\NetStore.Modules.Customers.Core\NetStore.Modules.Customers.Core.csproj", "{6772CC97-5B1F-4068-91A5-DE78D5118EF9}"
EndProject
Project("{FAE04EC0-301F-11D3-BF4B-00C04F79EFBC}") = "NetStore.Modules.Users.Shared", "src\Modules\Users\NetStore.Modules.Users.Shared\NetStore.Modules.Users.Shared.csproj", "{516FA0A9-8CC0-472F-99B6-1F04F8294508}"
EndProject
Project("{FAE04EC0-301F-11D3-BF4B-00C04F79EFBC}") = "NetStore.Shared.Types", "src\Shared\NetStore.Shared.Types\NetStore.Shared.Types.csproj", "{CCBDBD68-F10E-4419-BB33-C5F3BBF82AD9}"
EndProject
Global
	GlobalSection(SolutionConfigurationPlatforms) = preSolution
		Debug|Any CPU = Debug|Any CPU
		Release|Any CPU = Release|Any CPU
	EndGlobalSection
	GlobalSection(SolutionProperties) = preSolution
		HideSolutionNode = FALSE
	EndGlobalSection
	GlobalSection(ProjectConfigurationPlatforms) = postSolution
		{2308EFC4-E2F1-49F2-89A2-5CCD84BB8AC3}.Debug|Any CPU.ActiveCfg = Debug|Any CPU
		{2308EFC4-E2F1-49F2-89A2-5CCD84BB8AC3}.Debug|Any CPU.Build.0 = Debug|Any CPU
		{2308EFC4-E2F1-49F2-89A2-5CCD84BB8AC3}.Release|Any CPU.ActiveCfg = Release|Any CPU
		{2308EFC4-E2F1-49F2-89A2-5CCD84BB8AC3}.Release|Any CPU.Build.0 = Release|Any CPU
		{84935168-BD82-4B1E-8BD4-BEDA4DC99DDB}.Debug|Any CPU.ActiveCfg = Debug|Any CPU
		{84935168-BD82-4B1E-8BD4-BEDA4DC99DDB}.Debug|Any CPU.Build.0 = Debug|Any CPU
		{84935168-BD82-4B1E-8BD4-BEDA4DC99DDB}.Release|Any CPU.ActiveCfg = Release|Any CPU
		{84935168-BD82-4B1E-8BD4-BEDA4DC99DDB}.Release|Any CPU.Build.0 = Release|Any CPU
		{4D5C14FD-78AE-45F4-A3AF-44579A0289E7}.Debug|Any CPU.ActiveCfg = Debug|Any CPU
		{4D5C14FD-78AE-45F4-A3AF-44579A0289E7}.Debug|Any CPU.Build.0 = Debug|Any CPU
		{4D5C14FD-78AE-45F4-A3AF-44579A0289E7}.Release|Any CPU.ActiveCfg = Release|Any CPU
		{4D5C14FD-78AE-45F4-A3AF-44579A0289E7}.Release|Any CPU.Build.0 = Release|Any CPU
		{7E23643F-9F41-4EFF-85A3-5641BAA8E16D}.Debug|Any CPU.ActiveCfg = Debug|Any CPU
		{7E23643F-9F41-4EFF-85A3-5641BAA8E16D}.Debug|Any CPU.Build.0 = Debug|Any CPU
		{7E23643F-9F41-4EFF-85A3-5641BAA8E16D}.Release|Any CPU.ActiveCfg = Release|Any CPU
		{7E23643F-9F41-4EFF-85A3-5641BAA8E16D}.Release|Any CPU.Build.0 = Release|Any CPU
		{2B969CBE-772D-485E-8957-5B4FC9C1C521}.Debug|Any CPU.ActiveCfg = Debug|Any CPU
		{2B969CBE-772D-485E-8957-5B4FC9C1C521}.Debug|Any CPU.Build.0 = Debug|Any CPU
		{2B969CBE-772D-485E-8957-5B4FC9C1C521}.Release|Any CPU.ActiveCfg = Release|Any CPU
		{2B969CBE-772D-485E-8957-5B4FC9C1C521}.Release|Any CPU.Build.0 = Release|Any CPU
		{1B6B611A-B0ED-47AC-A4BB-E43F539DAA37}.Debug|Any CPU.ActiveCfg = Debug|Any CPU
		{1B6B611A-B0ED-47AC-A4BB-E43F539DAA37}.Debug|Any CPU.Build.0 = Debug|Any CPU
		{1B6B611A-B0ED-47AC-A4BB-E43F539DAA37}.Release|Any CPU.ActiveCfg = Release|Any CPU
		{1B6B611A-B0ED-47AC-A4BB-E43F539DAA37}.Release|Any CPU.Build.0 = Release|Any CPU
		{4EA96031-E576-4A03-BA2E-A33D84FB54AD}.Debug|Any CPU.ActiveCfg = Debug|Any CPU
		{4EA96031-E576-4A03-BA2E-A33D84FB54AD}.Debug|Any CPU.Build.0 = Debug|Any CPU
		{4EA96031-E576-4A03-BA2E-A33D84FB54AD}.Release|Any CPU.ActiveCfg = Release|Any CPU
		{4EA96031-E576-4A03-BA2E-A33D84FB54AD}.Release|Any CPU.Build.0 = Release|Any CPU
		{C3F37F66-6322-4727-A843-3B46021B06BA}.Debug|Any CPU.ActiveCfg = Debug|Any CPU
		{C3F37F66-6322-4727-A843-3B46021B06BA}.Debug|Any CPU.Build.0 = Debug|Any CPU
		{C3F37F66-6322-4727-A843-3B46021B06BA}.Release|Any CPU.ActiveCfg = Release|Any CPU
		{C3F37F66-6322-4727-A843-3B46021B06BA}.Release|Any CPU.Build.0 = Release|Any CPU
		{6772CC97-5B1F-4068-91A5-DE78D5118EF9}.Debug|Any CPU.ActiveCfg = Debug|Any CPU
		{6772CC97-5B1F-4068-91A5-DE78D5118EF9}.Debug|Any CPU.Build.0 = Debug|Any CPU
		{6772CC97-5B1F-4068-91A5-DE78D5118EF9}.Release|Any CPU.ActiveCfg = Release|Any CPU
		{6772CC97-5B1F-4068-91A5-DE78D5118EF9}.Release|Any CPU.Build.0 = Release|Any CPU
		{516FA0A9-8CC0-472F-99B6-1F04F8294508}.Debug|Any CPU.ActiveCfg = Debug|Any CPU
		{516FA0A9-8CC0-472F-99B6-1F04F8294508}.Debug|Any CPU.Build.0 = Debug|Any CPU
		{516FA0A9-8CC0-472F-99B6-1F04F8294508}.Release|Any CPU.ActiveCfg = Release|Any CPU
		{516FA0A9-8CC0-472F-99B6-1F04F8294508}.Release|Any CPU.Build.0 = Release|Any CPU
		{CCBDBD68-F10E-4419-BB33-C5F3BBF82AD9}.Debug|Any CPU.ActiveCfg = Debug|Any CPU
		{CCBDBD68-F10E-4419-BB33-C5F3BBF82AD9}.Debug|Any CPU.Build.0 = Debug|Any CPU
		{CCBDBD68-F10E-4419-BB33-C5F3BBF82AD9}.Release|Any CPU.ActiveCfg = Release|Any CPU
		{CCBDBD68-F10E-4419-BB33-C5F3BBF82AD9}.Release|Any CPU.Build.0 = Release|Any CPU
	EndGlobalSection
	GlobalSection(NestedProjects) = preSolution
		{23E5D7FE-AB0C-4BAB-9837-3D3E4D34AB5C} = {2D2E84B8-813D-4C83-BBD4-09CF9C0071B7}
		{763342C3-8548-41F2-9655-0E80D2EB0E79} = {2D2E84B8-813D-4C83-BBD4-09CF9C0071B7}
		{6E1F8EB7-4060-4D95-9FF6-9125C616278F} = {2D2E84B8-813D-4C83-BBD4-09CF9C0071B7}
		{2308EFC4-E2F1-49F2-89A2-5CCD84BB8AC3} = {23E5D7FE-AB0C-4BAB-9837-3D3E4D34AB5C}
		{84935168-BD82-4B1E-8BD4-BEDA4DC99DDB} = {6E1F8EB7-4060-4D95-9FF6-9125C616278F}
		{4D5C14FD-78AE-45F4-A3AF-44579A0289E7} = {6E1F8EB7-4060-4D95-9FF6-9125C616278F}
		{720CC894-92B1-40D7-A9BF-BB97786B16BF} = {763342C3-8548-41F2-9655-0E80D2EB0E79}
		{7E23643F-9F41-4EFF-85A3-5641BAA8E16D} = {720CC894-92B1-40D7-A9BF-BB97786B16BF}
		{2B969CBE-772D-485E-8957-5B4FC9C1C521} = {720CC894-92B1-40D7-A9BF-BB97786B16BF}
		{026A0EA6-10D4-4387-A10F-3573EE3BEA7F} = {763342C3-8548-41F2-9655-0E80D2EB0E79}
		{1B6B611A-B0ED-47AC-A4BB-E43F539DAA37} = {026A0EA6-10D4-4387-A10F-3573EE3BEA7F}
		{4EA96031-E576-4A03-BA2E-A33D84FB54AD} = {026A0EA6-10D4-4387-A10F-3573EE3BEA7F}
		{4AF79E93-0CAF-4E9B-B045-691ED60F147C} = {763342C3-8548-41F2-9655-0E80D2EB0E79}
		{C3F37F66-6322-4727-A843-3B46021B06BA} = {4AF79E93-0CAF-4E9B-B045-691ED60F147C}
		{6772CC97-5B1F-4068-91A5-DE78D5118EF9} = {4AF79E93-0CAF-4E9B-B045-691ED60F147C}
		{516FA0A9-8CC0-472F-99B6-1F04F8294508} = {026A0EA6-10D4-4387-A10F-3573EE3BEA7F}
		{CCBDBD68-F10E-4419-BB33-C5F3BBF82AD9} = {6E1F8EB7-4060-4D95-9FF6-9125C616278F}
	EndGlobalSection
EndGlobal
